{
  "name": "class_activities",
  "version": "1.0.0",
  "lockfileVersion": 1,
  "requires": true,
  "dependencies": {
    "leap-year": {
      "version": "2.0.1",
      "resolved": "https://registry.npmjs.org/leap-year/-/leap-year-2.0.1.tgz",
      "integrity": "sha1-AnvOKxVVpKeU0idOeoVpvJCaf+E="
    }
  }
}
